
Microsoft Visual Studio Solution File, Format Version 12.00
Project("{FAE04EC0-301F-11D3-BF4B-00C04F79EFBC}") = "YourGamesList.Api", "YourGamesList.Api\YourGamesList.Api.csproj", "{0DC7CCDB-9D44-4D0E-A194-F993FA2950E7}"
EndProject
Project("{FAE04EC0-301F-11D3-BF4B-00C04F79EFBC}") = "YourGamesList.Api.UnitTests", "YourGamesList.Api.UnitTests\YourGamesList.Api.UnitTests.csproj", "{B18BA2A7-910C-46F2-9C07-7044F4E32477}"
EndProject
Project("{FAE04EC0-301F-11D3-BF4B-00C04F79EFBC}") = "Igdb.Model", "Igdb.Model\Igdb.Model.csproj", "{D24AF25A-0575-47C4-816C-E8C1A7FFEC40}"
EndProject
Project("{FAE04EC0-301F-11D3-BF4B-00C04F79EFBC}") = "YourGamesList.Common", "YourGamesList.Common\YourGamesList.Common.csproj", "{3F16A0B9-7156-4C2A-B562-CF34BE33CC3E}"
EndProject
Project("{FAE04EC0-301F-11D3-BF4B-00C04F79EFBC}") = "YourGamesList.Common.UnitTests", "YourGamesList.Common.UnitTests\YourGamesList.Common.UnitTests.csproj", "{7443B6AA-69B0-42C8-A615-B01CE3CA4244}"
EndProject
Project("{2150E333-8FDC-42A3-9474-1A3956D46DE8}") = "Services", "Services", "{BD7A1FF7-C556-498D-8B81-1D27D9627913}"
EndProject
Project("{FAE04EC0-301F-11D3-BF4B-00C04F79EFBC}") = "YourGamesList.Services.Hltb", "YourGamesList.Services.Hltb\YourGamesList.Services.Hltb.csproj", "{2F89624D-4FB6-4358-B583-B5D01D52C270}"
EndProject
Project("{FAE04EC0-301F-11D3-BF4B-00C04F79EFBC}") = "YourGamesList.Services.Twitch", "YourGamesList.Services.Twitch\YourGamesList.Services.Twitch.csproj", "{DDB7F3F1-3403-433E-B6BC-7903E9CB68C0}"
EndProject
Project("{FAE04EC0-301F-11D3-BF4B-00C04F79EFBC}") = "YourGamesList.Application.IgdbScraper", "YourGamesList.Application.IgdbScraper\YourGamesList.Application.IgdbScraper.csproj", "{AA3E542E-96C4-4569-8487-8D193DE6F0BC}"
EndProject
Project("{2150E333-8FDC-42A3-9474-1A3956D46DE8}") = "src", "src", "{F57F000C-DEC5-42B4-9656-A35099B31E48}"
EndProject
Project("{2150E333-8FDC-42A3-9474-1A3956D46DE8}") = "tests", "tests", "{3FAD1AC5-10A5-4872-A670-DDF612157C8D}"
EndProject
Project("{FAE04EC0-301F-11D3-BF4B-00C04F79EFBC}") = "YourGamesList.Services.Igdb", "YourGamesList.Services.Igdb\YourGamesList.Services.Igdb.csproj", "{5887E1D7-5296-4097-8CE0-2B35BAA583CE}"
EndProject
Project("{FAE04EC0-301F-11D3-BF4B-00C04F79EFBC}") = "YourGamesList.Services.Igdb.UnitTests", "YourGamesList.Services.Igdb.UnitTests\YourGamesList.Services.Igdb.UnitTests.csproj", "{701219FC-935A-49F5-A2F5-D9B49908F329}"
EndProject
Project("{2150E333-8FDC-42A3-9474-1A3956D46DE8}") = "Services", "Services", "{4DB676A1-FDB6-42C9-A753-2293BC2DA933}"
EndProject
Project("{FAE04EC0-301F-11D3-BF4B-00C04F79EFBC}") = "YourGamesList.TestCommon", "YourGamesList.TestCommon\YourGamesList.TestCommon.csproj", "{8CCEA0DF-DC00-42F8-8A8A-155E913A3FF3}"
EndProject
Project("{FAE04EC0-301F-11D3-BF4B-00C04F79EFBC}") = "YourGamesList.Services.Twitch.UnitTests", "YourGamesList.Services.Twitch.UnitTests\YourGamesList.Services.Twitch.UnitTests.csproj", "{21BB2103-D7A9-4A3D-8B29-F8DA3E161F57}"
EndProject
Global
	GlobalSection(SolutionConfigurationPlatforms) = preSolution
		Debug|Any CPU = Debug|Any CPU
		Release|Any CPU = Release|Any CPU
	EndGlobalSection
	GlobalSection(ProjectConfigurationPlatforms) = postSolution
		{0DC7CCDB-9D44-4D0E-A194-F993FA2950E7}.Debug|Any CPU.ActiveCfg = Debug|Any CPU
		{0DC7CCDB-9D44-4D0E-A194-F993FA2950E7}.Debug|Any CPU.Build.0 = Debug|Any CPU
		{0DC7CCDB-9D44-4D0E-A194-F993FA2950E7}.Release|Any CPU.ActiveCfg = Release|Any CPU
		{0DC7CCDB-9D44-4D0E-A194-F993FA2950E7}.Release|Any CPU.Build.0 = Release|Any CPU
		{B18BA2A7-910C-46F2-9C07-7044F4E32477}.Debug|Any CPU.ActiveCfg = Debug|Any CPU
		{B18BA2A7-910C-46F2-9C07-7044F4E32477}.Debug|Any CPU.Build.0 = Debug|Any CPU
		{B18BA2A7-910C-46F2-9C07-7044F4E32477}.Release|Any CPU.ActiveCfg = Release|Any CPU
		{B18BA2A7-910C-46F2-9C07-7044F4E32477}.Release|Any CPU.Build.0 = Release|Any CPU
		{D24AF25A-0575-47C4-816C-E8C1A7FFEC40}.Debug|Any CPU.ActiveCfg = Debug|Any CPU
		{D24AF25A-0575-47C4-816C-E8C1A7FFEC40}.Debug|Any CPU.Build.0 = Debug|Any CPU
		{D24AF25A-0575-47C4-816C-E8C1A7FFEC40}.Release|Any CPU.ActiveCfg = Release|Any CPU
		{D24AF25A-0575-47C4-816C-E8C1A7FFEC40}.Release|Any CPU.Build.0 = Release|Any CPU
		{3F16A0B9-7156-4C2A-B562-CF34BE33CC3E}.Debug|Any CPU.ActiveCfg = Debug|Any CPU
		{3F16A0B9-7156-4C2A-B562-CF34BE33CC3E}.Debug|Any CPU.Build.0 = Debug|Any CPU
		{3F16A0B9-7156-4C2A-B562-CF34BE33CC3E}.Release|Any CPU.ActiveCfg = Release|Any CPU
		{3F16A0B9-7156-4C2A-B562-CF34BE33CC3E}.Release|Any CPU.Build.0 = Release|Any CPU
		{7443B6AA-69B0-42C8-A615-B01CE3CA4244}.Debug|Any CPU.ActiveCfg = Debug|Any CPU
		{7443B6AA-69B0-42C8-A615-B01CE3CA4244}.Debug|Any CPU.Build.0 = Debug|Any CPU
		{7443B6AA-69B0-42C8-A615-B01CE3CA4244}.Release|Any CPU.ActiveCfg = Release|Any CPU
		{7443B6AA-69B0-42C8-A615-B01CE3CA4244}.Release|Any CPU.Build.0 = Release|Any CPU
		{2F89624D-4FB6-4358-B583-B5D01D52C270}.Debug|Any CPU.ActiveCfg = Debug|Any CPU
		{2F89624D-4FB6-4358-B583-B5D01D52C270}.Debug|Any CPU.Build.0 = Debug|Any CPU
		{2F89624D-4FB6-4358-B583-B5D01D52C270}.Release|Any CPU.ActiveCfg = Release|Any CPU
		{2F89624D-4FB6-4358-B583-B5D01D52C270}.Release|Any CPU.Build.0 = Release|Any CPU
		{DDB7F3F1-3403-433E-B6BC-7903E9CB68C0}.Debug|Any CPU.ActiveCfg = Debug|Any CPU
		{DDB7F3F1-3403-433E-B6BC-7903E9CB68C0}.Debug|Any CPU.Build.0 = Debug|Any CPU
		{DDB7F3F1-3403-433E-B6BC-7903E9CB68C0}.Release|Any CPU.ActiveCfg = Release|Any CPU
		{DDB7F3F1-3403-433E-B6BC-7903E9CB68C0}.Release|Any CPU.Build.0 = Release|Any CPU
		{AA3E542E-96C4-4569-8487-8D193DE6F0BC}.Debug|Any CPU.ActiveCfg = Debug|Any CPU
		{AA3E542E-96C4-4569-8487-8D193DE6F0BC}.Debug|Any CPU.Build.0 = Debug|Any CPU
		{AA3E542E-96C4-4569-8487-8D193DE6F0BC}.Release|Any CPU.ActiveCfg = Release|Any CPU
		{AA3E542E-96C4-4569-8487-8D193DE6F0BC}.Release|Any CPU.Build.0 = Release|Any CPU
		{5887E1D7-5296-4097-8CE0-2B35BAA583CE}.Debug|Any CPU.ActiveCfg = Debug|Any CPU
		{5887E1D7-5296-4097-8CE0-2B35BAA583CE}.Debug|Any CPU.Build.0 = Debug|Any CPU
		{5887E1D7-5296-4097-8CE0-2B35BAA583CE}.Release|Any CPU.ActiveCfg = Release|Any CPU
		{5887E1D7-5296-4097-8CE0-2B35BAA583CE}.Release|Any CPU.Build.0 = Release|Any CPU
		{701219FC-935A-49F5-A2F5-D9B49908F329}.Debug|Any CPU.ActiveCfg = Debug|Any CPU
		{701219FC-935A-49F5-A2F5-D9B49908F329}.Debug|Any CPU.Build.0 = Debug|Any CPU
		{701219FC-935A-49F5-A2F5-D9B49908F329}.Release|Any CPU.ActiveCfg = Release|Any CPU
		{701219FC-935A-49F5-A2F5-D9B49908F329}.Release|Any CPU.Build.0 = Release|Any CPU
		{8CCEA0DF-DC00-42F8-8A8A-155E913A3FF3}.Debug|Any CPU.ActiveCfg = Debug|Any CPU
		{8CCEA0DF-DC00-42F8-8A8A-155E913A3FF3}.Debug|Any CPU.Build.0 = Debug|Any CPU
		{8CCEA0DF-DC00-42F8-8A8A-155E913A3FF3}.Release|Any CPU.ActiveCfg = Release|Any CPU
		{8CCEA0DF-DC00-42F8-8A8A-155E913A3FF3}.Release|Any CPU.Build.0 = Release|Any CPU
		{21BB2103-D7A9-4A3D-8B29-F8DA3E161F57}.Debug|Any CPU.ActiveCfg = Debug|Any CPU
		{21BB2103-D7A9-4A3D-8B29-F8DA3E161F57}.Debug|Any CPU.Build.0 = Debug|Any CPU
		{21BB2103-D7A9-4A3D-8B29-F8DA3E161F57}.Release|Any CPU.ActiveCfg = Release|Any CPU
		{21BB2103-D7A9-4A3D-8B29-F8DA3E161F57}.Release|Any CPU.Build.0 = Release|Any CPU
	EndGlobalSection
	GlobalSection(NestedProjects) = preSolution
		{2F89624D-4FB6-4358-B583-B5D01D52C270} = {BD7A1FF7-C556-498D-8B81-1D27D9627913}
		{DDB7F3F1-3403-433E-B6BC-7903E9CB68C0} = {BD7A1FF7-C556-498D-8B81-1D27D9627913}
		{0DC7CCDB-9D44-4D0E-A194-F993FA2950E7} = {F57F000C-DEC5-42B4-9656-A35099B31E48}
		{AA3E542E-96C4-4569-8487-8D193DE6F0BC} = {F57F000C-DEC5-42B4-9656-A35099B31E48}
		{BD7A1FF7-C556-498D-8B81-1D27D9627913} = {F57F000C-DEC5-42B4-9656-A35099B31E48}
		{3F16A0B9-7156-4C2A-B562-CF34BE33CC3E} = {F57F000C-DEC5-42B4-9656-A35099B31E48}
		{D24AF25A-0575-47C4-816C-E8C1A7FFEC40} = {F57F000C-DEC5-42B4-9656-A35099B31E48}
		{B18BA2A7-910C-46F2-9C07-7044F4E32477} = {3FAD1AC5-10A5-4872-A670-DDF612157C8D}
		{7443B6AA-69B0-42C8-A615-B01CE3CA4244} = {3FAD1AC5-10A5-4872-A670-DDF612157C8D}
		{5887E1D7-5296-4097-8CE0-2B35BAA583CE} = {BD7A1FF7-C556-498D-8B81-1D27D9627913}
		{4DB676A1-FDB6-42C9-A753-2293BC2DA933} = {3FAD1AC5-10A5-4872-A670-DDF612157C8D}
		{701219FC-935A-49F5-A2F5-D9B49908F329} = {4DB676A1-FDB6-42C9-A753-2293BC2DA933}
		{8CCEA0DF-DC00-42F8-8A8A-155E913A3FF3} = {3FAD1AC5-10A5-4872-A670-DDF612157C8D}
		{21BB2103-D7A9-4A3D-8B29-F8DA3E161F57} = {4DB676A1-FDB6-42C9-A753-2293BC2DA933}
	EndGlobalSection
EndGlobal
