<Solution>
  <Folder Name="/tests/">
    <Project Path="YourGamesList.Api.UnitTests\YourGamesList.Api.UnitTests.csproj" Type="Classic C#" />
    <Project Path="YourGamesList.Common.UnitTests\YourGamesList.Common.UnitTests.csproj" Type="Classic C#" />
    <Project Path="YourGamesList.TestsUtils\YourGamesList.TestsUtils.csproj" Type="Classic C#" />
  </Folder>
  <Project Path="YourGamesList.Api\YourGamesList.Api.csproj" Type="Classic C#" />
  <Project Path="YourGamesList.Common\YourGamesList.Common.csproj" Type="Classic C#" />
  <Project Path="YourGamesList.Database\YourGamesList.Database.csproj" Type="Classic C#" />
</Solution>